Microsoft Visual Studio Solution File, Format Version 12.00
# Visual Studio Version 17
VisualStudioVersion = 17.5.2.0
MinimumVisualStudioVersion = 10.0.40219.1
Project("{FAE04EC0-301F-11D3-BF4B-00C04F79EFBC}") = "pa1", "pa1\pa1.csproj", "{AFDEDAEE-AF92-1847-AE77-E8A6D233B170}"
EndProject
Global
	GlobalSection(SolutionConfigurationPlatforms) = preSolution
		Debug|Any CPU = Debug|Any CPU
		Release|Any CPU = Release|Any CPU
	EndGlobalSection
	GlobalSection(ProjectConfigurationPlatforms) = postSolution
		{AFDEDAEE-AF92-1847-AE77-E8A6D233B170}.Debug|Any CPU.ActiveCfg = Debug|Any CPU
		{AFDEDAEE-AF92-1847-AE77-E8A6D233B170}.Debug|Any CPU.Build.0 = Debug|Any CPU
		{AFDEDAEE-AF92-1847-AE77-E8A6D233B170}.Release|Any CPU.ActiveCfg = Release|Any CPU
		{AFDEDAEE-AF92-1847-AE77-E8A6D233B170}.Release|Any CPU.Build.0 = Release|Any CPU
	EndGlobalSection
	GlobalSection(SolutionProperties) = preSolution
		HideSolutionNode = FALSE
	EndGlobalSection
	GlobalSection(ExtensibilityGlobals) = postSolution
		SolutionGuid = {E37DDE14-6A37-4419-A94C-8AD28B04BED1}
	EndGlobalSection
EndGlobal
